{
  "name": "smartedit",
  "version": "1.0.4",
  "lockfileVersion": 3,
  "requires": true,
  "packages": {
    "": {
      "name": "smartedit",
      "version": "1.0.4",
      "license": "ISC",
      "dependencies": {
        "adclours": "^2.0.5"
      }
    },
    "node_modules/adclours": {
      "version": "2.0.5",
      "resolved": "https://registry.npmjs.org/adclours/-/adclours-2.0.5.tgz",
      "integrity": "sha512-SmzASLrXeMyywJAEh91+E83sTpW+YeN576r7qSKCpF0NGoigXYdbkEt5c0LUgMMcY1hmDIU4bhS9kPFo9UctcQ==",
      "license": "ISC"
    }
  }
}
